// !$*UTF8*$!
{
	archiveVersion = 1;
	classes = {
	};
	objectVersion = 46;
	objects = {

/* Begin PBXBuildFile section */
		D3BF03A41A8E744400BF0D56 /* AppDelegate.swift in Sources */ = {isa = PBXBuildFile; fileRef = D3BF03A31A8E744400BF0D56 /* AppDelegate.swift */; };
		D3BF03A61A8E744400BF0D56 /* FirstViewController.swift in Sources */ = {isa = PBXBuildFile; fileRef = D3BF03A51A8E744400BF0D56 /* FirstViewController.swift */; };
		D3BF03A81A8E744400BF0D56 /* SecondViewController.swift in Sources */ = {isa = PBXBuildFile; fileRef = D3BF03A71A8E744400BF0D56 /* SecondViewController.swift */; };
		D3BF03AB1A8E744400BF0D56 /* Main.storyboard in Resources */ = {isa = PBXBuildFile; fileRef = D3BF03A91A8E744400BF0D56 /* Main.storyboard */; };
		D3BF03AD1A8E744400BF0D56 /* Images.xcassets in Resources */ = {isa = PBXBuildFile; fileRef = D3BF03AC1A8E744400BF0D56 /* Images.xcassets */; };
		D3BF03B01A8E744400BF0D56 /* LaunchScreen.xib in Resources */ = {isa = PBXBuildFile; fileRef = D3BF03AE1A8E744400BF0D56 /* LaunchScreen.xib */; };
		D3BF03BC1A8E744400BF0D56 /* djazzTests.swift in Sources */ = {isa = PBXBuildFile; fileRef = D3BF03BB1A8E744400BF0D56 /* djazzTests.swift */; };
/* End PBXBuildFile section */

/* Begin PBXContainerItemProxy section */
		D3BF03B61A8E744400BF0D56 /* PBXContainerItemProxy */ = {
			isa = PBXContainerItemProxy;
			containerPortal = D3BF03961A8E744400BF0D56 /* Project object */;
			proxyType = 1;
			remoteGlobalIDString = D3BF039D1A8E744400BF0D56;
			remoteInfo = djazz;
		};
/* End PBXContainerItemProxy section */

/* Begin PBXFileReference section */
		D3BF039E1A8E744400BF0D56 /* djazz.app */ = {isa = PBXFileReference; explicitFileType = wrapper.application; includeInIndex = 0; path = djazz.app; sourceTree = BUILT_PRODUCTS_DIR; };
		D3BF03A21A8E744400BF0D56 /* Info.plist */ = {isa = PBXFileReference; lastKnownFileType = text.plist.xml; path = Info.plist; sourceTree = "<group>"; };
		D3BF03A31A8E744400BF0D56 /* AppDelegate.swift */ = {isa = PBXFileReference; lastKnownFileType = sourcecode.swift; path = AppDelegate.swift; sourceTree = "<group>"; };
		D3BF03A51A8E744400BF0D56 /* FirstViewController.swift */ = {isa = PBXFileReference; lastKnownFileType = sourcecode.swift; path = FirstViewController.swift; sourceTree = "<group>"; };
		D3BF03A71A8E744400BF0D56 /* SecondViewController.swift */ = {isa = PBXFileReference; lastKnownFileType = sourcecode.swift; path = SecondViewController.swift; sourceTree = "<group>"; };
		D3BF03AA1A8E744400BF0D56 /* Base */ = {isa = PBXFileReference; lastKnownFileType = file.storyboard; name = Base; path = Base.lproj/Main.storyboard; sourceTree = "<group>"; };
		D3BF03AC1A8E744400BF0D56 /* Images.xcassets */ = {isa = PBXFileReference; lastKnownFileType = folder.assetcatalog; path = Images.xcassets; sourceTree = "<group>"; };
		D3BF03AF1A8E744400BF0D56 /* Base */ = {isa = PBXFileReference; lastKnownFileType = file.xib; name = Base; path = Base.lproj/LaunchScreen.xib; sourceTree = "<group>"; };
		D3BF03B51A8E744400BF0D56 /* djazzTests.xctest */ = {isa = PBXFileReference; explicitFileType = wrapper.cfbundle; includeInIndex = 0; path = djazzTests.xctest; sourceTree = BUILT_PRODUCTS_DIR; };
		D3BF03BA1A8E744400BF0D56 /* Info.plist */ = {isa = PBXFileReference; lastKnownFileType = text.plist.xml; path = Info.plist; sourceTree = "<group>"; };
		D3BF03BB1A8E744400BF0D56 /* djazzTests.swift */ = {isa = PBXFileReference; lastKnownFileType = sourcecode.swift; path = djazzTests.swift; sourceTree = "<group>"; };
/* End PBXFileReference section */

/* Begin PBXFrameworksBuildPhase section */
		D3BF039B1A8E744400BF0D56 /* Frameworks */ = {
			isa = PBXFrameworksBuildPhase;
			buildActionMask = 2147483647;
			files = (
			);
			runOnlyForDeploymentPostprocessing = 0;
		};
		D3BF03B21A8E744400BF0D56 /* Frameworks */ = {
			isa = PBXFrameworksBuildPhase;
			buildActionMask = 2147483647;
			files = (
			);
			runOnlyForDeploymentPostprocessing = 0;
		};
/* End PBXFrameworksBuildPhase section */

/* Begin PBXGroup section */
		D3BF03951A8E744400BF0D56 = {
			isa = PBXGroup;
			children = (
				D3BF03A01A8E744400BF0D56 /* djazz */,
				D3BF03B81A8E744400BF0D56 /* djazzTests */,
				D3BF039F1A8E744400BF0D56 /* Products */,
			);
			sourceTree = "<group>";
		};
		D3BF039F1A8E744400BF0D56 /* Products */ = {
			isa = PBXGroup;
			children = (
				D3BF039E1A8E744400BF0D56 /* djazz.app */,
				D3BF03B51A8E744400BF0D56 /* djazzTests.xctest */,
			);
			name = Products;
			sourceTree = "<group>";
		};
		D3BF03A01A8E744400BF0D56 /* djazz */ = {
			isa = PBXGroup;
			children = (
				D3BF03A31A8E744400BF0D56 /* AppDelegate.swift */,
				D3BF03A51A8E744400BF0D56 /* FirstViewController.swift */,
				D3BF03A71A8E744400BF0D56 /* SecondViewController.swift */,
				D3BF03A91A8E744400BF0D56 /* Main.storyboard */,
				D3BF03AC1A8E744400BF0D56 /* Images.xcassets */,
				D3BF03AE1A8E744400BF0D56 /* LaunchScreen.xib */,
				D3BF03A11A8E744400BF0D56 /* Supporting Files */,
			);
			path = djazz;
			sourceTree = "<group>";
		};
		D3BF03A11A8E744400BF0D56 /* Supporting Files */ = {
			isa = PBXGroup;
			children = (
				D3BF03A21A8E744400BF0D56 /* Info.plist */,
			);
			name = "Supporting Files";
			sourceTree = "<group>";
		};
		D3BF03B81A8E744400BF0D56 /* djazzTests */ = {
			isa = PBXGroup;
			children = (
				D3BF03BB1A8E744400BF0D56 /* djazzTests.swift */,
				D3BF03B91A8E744400BF0D56 /* Supporting Files */,
			);
			path = djazzTests;
			sourceTree = "<group>";
		};
		D3BF03B91A8E744400BF0D56 /* Supporting Files */ = {
			isa = PBXGroup;
			children = (
				D3BF03BA1A8E744400BF0D56 /* Info.plist */,
			);
			name = "Supporting Files";
			sourceTree = "<group>";
		};
/* End PBXGroup section */

/* Begin PBXNativeTarget section */
		D3BF039D1A8E744400BF0D56 /* djazz */ = {
			isa = PBXNativeTarget;
			buildConfigurationList = D3BF03BF1A8E744400BF0D56 /* Build configuration list for PBXNativeTarget "djazz" */;
			buildPhases = (
				D3BF039A1A8E744400BF0D56 /* Sources */,
				D3BF039B1A8E744400BF0D56 /* Frameworks */,
				D3BF039C1A8E744400BF0D56 /* Resources */,
			);
			buildRules = (
			);
			dependencies = (
			);
			name = djazz;
			productName = djazz;
			productReference = D3BF039E1A8E744400BF0D56 /* djazz.app */;
			productType = "com.apple.product-type.application";
		};
		D3BF03B41A8E744400BF0D56 /* djazzTests */ = {
			isa = PBXNativeTarget;
			buildConfigurationList = D3BF03C21A8E744400BF0D56 /* Build configuration list for PBXNativeTarget "djazzTests" */;
			buildPhases = (
				D3BF03B11A8E744400BF0D56 /* Sources */,
				D3BF03B21A8E744400BF0D56 /* Frameworks */,
				D3BF03B31A8E744400BF0D56 /* Resources */,
			);
			buildRules = (
			);
			dependencies = (
				D3BF03B71A8E744400BF0D56 /* PBXTargetDependency */,
			);
			name = djazzTests;
			productName = djazzTests;
			productReference = D3BF03B51A8E744400BF0D56 /* djazzTests.xctest */;
			productType = "com.apple.product-type.bundle.unit-test";
		};
/* End PBXNativeTarget section */

/* Begin PBXProject section */
		D3BF03961A8E744400BF0D56 /* Project object */ = {
			isa = PBXProject;
			attributes = {
				LastUpgradeCheck = 0610;
				ORGANIZATIONNAME = "Bright Moods Studios";
				TargetAttributes = {
					D3BF039D1A8E744400BF0D56 = {
						CreatedOnToolsVersion = 6.1.1;
					};
					D3BF03B41A8E744400BF0D56 = {
						CreatedOnToolsVersion = 6.1.1;
						TestTargetID = D3BF039D1A8E744400BF0D56;
					};
				};
			};
			buildConfigurationList = D3BF03991A8E744400BF0D56 /* Build configuration list for PBXProject "djazz" */;
			compatibilityVersion = "Xcode 3.2";
			developmentRegion = English;
			hasScannedForEncodings = 0;
			knownRegions = (
				en,
				Base,
			);
			mainGroup = D3BF03951A8E744400BF0D56;
			productRefGroup = D3BF039F1A8E744400BF0D56 /* Products */;
			projectDirPath = "";
			projectRoot = "";
			targets = (
				D3BF039D1A8E744400BF0D56 /* djazz */,
				D3BF03B41A8E744400BF0D56 /* djazzTests */,
			);
		};
/* End PBXProject section */

/* Begin PBXResourcesBuildPhase section */
		D3BF039C1A8E744400BF0D56 /* Resources */ = {
			isa = PBXResourcesBuildPhase;
			buildActionMask = 2147483647;
			files = (
				D3BF03AB1A8E744400BF0D56 /* Main.storyboard in Resources */,
				D3BF03B01A8E744400BF0D56 /* LaunchScreen.xib in Resources */,
				D3BF03AD1A8E744400BF0D56 /* Images.xcassets in Resources */,
			);
			runOnlyForDeploymentPostprocessing = 0;
		};
		D3BF03B31A8E744400BF0D56 /* Resources */ = {
			isa = PBXResourcesBuildPhase;
			buildActionMask = 2147483647;
			files = (
			);
			runOnlyForDeploymentPostprocessing = 0;
		};
/* End PBXResourcesBuildPhase section */

/* Begin PBXSourcesBuildPhase section */
		D3BF039A1A8E744400BF0D56 /* Sources */ = {
			isa = PBXSourcesBuildPhase;
			buildActionMask = 2147483647;
			files = (
				D3BF03A81A8E744400BF0D56 /* SecondViewController.swift in Sources */,
				D3BF03A41A8E744400BF0D56 /* AppDelegate.swift in Sources */,
				D3BF03A61A8E744400BF0D56 /* FirstViewController.swift in Sources */,
			);
			runOnlyForDeploymentPostprocessing = 0;
		};
		D3BF03B11A8E744400BF0D56 /* Sources */ = {
			isa = PBXSourcesBuildPhase;
			buildActionMask = 2147483647;
			files = (
				D3BF03BC1A8E744400BF0D56 /* djazzTests.swift in Sources */,
			);
			runOnlyForDeploymentPostprocessing = 0;
		};
/* End PBXSourcesBuildPhase section */

/* Begin PBXTargetDependency section */
		D3BF03B71A8E744400BF0D56 /* PBXTargetDependency */ = {
			isa = PBXTargetDependency;
			target = D3BF039D1A8E744400BF0D56 /* djazz */;
			targetProxy = D3BF03B61A8E744400BF0D56 /* PBXContainerItemProxy */;
		};
/* End PBXTargetDependency section */

/* Begin PBXVariantGroup section */
		D3BF03A91A8E744400BF0D56 /* Main.storyboard */ = {
			isa = PBXVariantGroup;
			children = (
				D3BF03AA1A8E744400BF0D56 /* Base */,
			);
			name = Main.storyboard;
			sourceTree = "<group>";
		};
		D3BF03AE1A8E744400BF0D56 /* LaunchScreen.xib */ = {
			isa = PBXVariantGroup;
			children = (
				D3BF03AF1A8E744400BF0D56 /* Base */,
			);
			name = LaunchScreen.xib;
			sourceTree = "<group>";
		};
/* End PBXVariantGroup section */

/* Begin XCBuildConfiguration section */
		D3BF03BD1A8E744400BF0D56 /* Debug */ = {
			isa = XCBuildConfiguration;
			buildSettings = {
				ALWAYS_SEARCH_USER_PATHS = NO;
				CLANG_CXX_LANGUAGE_STANDARD = "gnu++0x";
				CLANG_CXX_LIBRARY = "libc++";
				CLANG_ENABLE_MODULES = YES;
				CLANG_ENABLE_OBJC_ARC = YES;
				CLANG_WARN_BOOL_CONVERSION = YES;
				CLANG_WARN_CONSTANT_CONVERSION = YES;
				CLANG_WARN_DIRECT_OBJC_ISA_USAGE = YES_ERROR;
				CLANG_WARN_EMPTY_BODY = YES;
				CLANG_WARN_ENUM_CONVERSION = YES;
				CLANG_WARN_INT_CONVERSION = YES;
				CLANG_WARN_OBJC_ROOT_CLASS = YES_ERROR;
				CLANG_WARN_UNREACHABLE_CODE = YES;
				CLANG_WARN__DUPLICATE_METHOD_MATCH = YES;
				"CODE_SIGN_IDENTITY[sdk=iphoneos*]" = "iPhone Developer";
				COPY_PHASE_STRIP = NO;
				ENABLE_STRICT_OBJC_MSGSEND = YES;
				GCC_C_LANGUAGE_STANDARD = gnu99;
				GCC_DYNAMIC_NO_PIC = NO;
				GCC_OPTIMIZATION_LEVEL = 0;
				GCC_PREPROCESSOR_DEFINITIONS = (
					"DEBUG=1",
					"$(inherited)",
				);
				GCC_SYMBOLS_PRIVATE_EXTERN = NO;
				GCC_WARN_64_TO_32_BIT_CONVERSION = YES;
				GCC_WARN_ABOUT_RETURN_TYPE = YES_ERROR;
				GCC_WARN_UNDECLARED_SELECTOR = YES;
				GCC_WARN_UNINITIALIZED_AUTOS = YES_AGGRESSIVE;
				GCC_WARN_UNUSED_FUNCTION = YES;
				GCC_WARN_UNUSED_VARIABLE = YES;
				IPHONEOS_DEPLOYMENT_TARGET = 8.1;
				MTL_ENABLE_DEBUG_INFO = YES;
				ONLY_ACTIVE_ARCH = YES;
				SDKROOT = iphoneos;
				SWIFT_OPTIMIZATION_LEVEL = "-Onone";
			};
			name = Debug;
		};
		D3BF03BE1A8E744400BF0D56 /* Release */ = {
			isa = XCBuildConfiguration;
			buildSettings = {
				ALWAYS_SEARCH_USER_PATHS = NO;
				CLANG_CXX_LANGUAGE_STANDARD = "gnu++0x";
				CLANG_CXX_LIBRARY = "libc++";
				CLANG_ENABLE_MODULES = YES;
				CLANG_ENABLE_OBJC_ARC = YES;
				CLANG_WARN_BOOL_CONVERSION = YES;
				CLANG_WARN_CONSTANT_CONVERSION = YES;
				CLANG_WARN_DIRECT_OBJC_ISA_USAGE = YES_ERROR;
				CLANG_WARN_EMPTY_BODY = YES;
				CLANG_WARN_ENUM_CONVERSION = YES;
				CLANG_WARN_INT_CONVERSION = YES;
				CLANG_WARN_OBJC_ROOT_CLASS = YES_ERROR;
				CLANG_WARN_UNREACHABLE_CODE = YES;
				CLANG_WARN__DUPLICATE_METHOD_MATCH = YES;
				"CODE_SIGN_IDENTITY[sdk=iphoneos*]" = "iPhone Developer";
				COPY_PHASE_STRIP = YES;
				ENABLE_NS_ASSERTIONS = NO;
				ENABLE_STRICT_OBJC_MSGSEND = YES;
				GCC_C_LANGUAGE_STANDARD = gnu99;
				GCC_WARN_64_TO_32_BIT_CONVERSION = YES;
				GCC_WARN_ABOUT_RETURN_TYPE = YES_ERROR;
				GCC_WARN_UNDECLARED_SELECTOR = YES;
				GCC_WARN_UNINITIALIZED_AUTOS = YES_AGGRESSIVE;
				GCC_WARN_UNUSED_FUNCTION = YES;
				GCC_WARN_UNUSED_VARIABLE = YES;
				IPHONEOS_DEPLOYMENT_TARGET = 8.1;
				MTL_ENABLE_DEBUG_INFO = NO;
				SDKROOT = iphoneos;
				VALIDATE_PRODUCT = YES;
			};
			name = Release;
		};
		D3BF03C01A8E744400BF0D56 /* Debug */ = {
			isa = XCBuildConfiguration;
			buildSettings = {
				ASSETCATALOG_COMPILER_APPICON_NAME = AppIcon;
				INFOPLIST_FILE = djazz/Info.plist;
				LD_RUNPATH_SEARCH_PATHS = "$(inherited) @executable_path/Frameworks";
				PRODUCT_NAME = "$(TARGET_NAME)";
			};
			name = Debug;
		};
		D3BF03C11A8E744400BF0D56 /* Release */ = {
			isa = XCBuildConfiguration;
			buildSettings = {
				ASSETCATALOG_COMPILER_APPICON_NAME = AppIcon;
				INFOPLIST_FILE = djazz/Info.plist;
				LD_RUNPATH_SEARCH_PATHS = "$(inherited) @executable_path/Frameworks";
				PRODUCT_NAME = "$(TARGET_NAME)";
			};
			name = Release;
		};
		D3BF03C31A8E744400BF0D56 /* Debug */ = {
			isa = XCBuildConfiguration;
			buildSettings = {
				BUNDLE_LOADER = "$(TEST_HOST)";
				FRAMEWORK_SEARCH_PATHS = (
					"$(SDKROOT)/Developer/Library/Frameworks",
					"$(inherited)",
				);
				GCC_PREPROCESSOR_DEFINITIONS = (
					"DEBUG=1",
					"$(inherited)",
				);
				INFOPLIST_FILE = djazzTests/Info.plist;
				LD_RUNPATH_SEARCH_PATHS = "$(inherited) @executable_path/Frameworks @loader_path/Frameworks";
				PRODUCT_NAME = "$(TARGET_NAME)";
				TEST_HOST = "$(BUILT_PRODUCTS_DIR)/djazz.app/djazz";
			};
			name = Debug;
		};
		D3BF03C41A8E744400BF0D56 /* Release */ = {
			isa = XCBuildConfiguration;
			buildSettings = {
				BUNDLE_LOADER = "$(TEST_HOST)";
				FRAMEWORK_SEARCH_PATHS = (
					"$(SDKROOT)/Developer/Library/Frameworks",
					"$(inherited)",
				);
				INFOPLIST_FILE = djazzTests/Info.plist;
				LD_RUNPATH_SEARCH_PATHS = "$(inherited) @executable_path/Frameworks @loader_path/Frameworks";
				PRODUCT_NAME = "$(TARGET_NAME)";
				TEST_HOST = "$(BUILT_PRODUCTS_DIR)/djazz.app/djazz";
			};
			name = Release;
		};
/* End XCBuildConfiguration section */

/* Begin XCConfigurationList section */
		D3BF03991A8E744400BF0D56 /* Build configuration list for PBXProject "djazz" */ = {
			isa = XCConfigurationList;
			buildConfigurations = (
				D3BF03BD1A8E744400BF0D56 /* Debug */,
				D3BF03BE1A8E744400BF0D56 /* Release */,
			);
			defaultConfigurationIsVisible = 0;
			defaultConfigurationName = Release;
		};
		D3BF03BF1A8E744400BF0D56 /* Build configuration list for PBXNativeTarget "djazz" */ = {
			isa = XCConfigurationList;
			buildConfigurations = (
				D3BF03C01A8E744400BF0D56 /* Debug */,
				D3BF03C11A8E744400BF0D56 /* Release */,
			);
			defaultConfigurationIsVisible = 0;
		};
		D3BF03C21A8E744400BF0D56 /* Build configuration list for PBXNativeTarget "djazzTests" */ = {
			isa = XCConfigurationList;
			buildConfigurations = (
				D3BF03C31A8E744400BF0D56 /* Debug */,
				D3BF03C41A8E744400BF0D56 /* Release */,
			);
			defaultConfigurationIsVisible = 0;
		};
/* End XCConfigurationList section */
	};
	rootObject = D3BF03961A8E744400BF0D56 /* Project object */;
}
