// !$*UTF8*$!
{
	archiveVersion = 1;
	classes = {
	};
	objectVersion = 46;
	objects = {

/* Begin PBXBuildFile section */
		D305C7531AC9627B00B95990 /* LivingRoomLightsController.swift in Sources */ = {isa = PBXBuildFile; fileRef = D305C7521AC9627B00B95990 /* LivingRoomLightsController.swift */; };
		D305C7581AC9651000B95990 /* LightThing.swift in Sources */ = {isa = PBXBuildFile; fileRef = D305C7571AC9651000B95990 /* LightThing.swift */; };
		D30DB3A11AA35A12008F8548 /* EditEventViewController.swift in Sources */ = {isa = PBXBuildFile; fileRef = D30DB3A01AA35A12008F8548 /* EditEventViewController.swift */; };
		D310AB641AA24EEF003AC370 /* Alamofire.framework in Frameworks */ = {isa = PBXBuildFile; fileRef = D310AB5D1AA24C0D003AC370 /* Alamofire.framework */; };
		D310AB651AA24EEF003AC370 /* Alamofire.framework in Embed Frameworks */ = {isa = PBXBuildFile; fileRef = D310AB5D1AA24C0D003AC370 /* Alamofire.framework */; settings = {ATTRIBUTES = (CodeSignOnCopy, RemoveHeadersOnCopy, ); }; };
		D310AB6A1AA2573E003AC370 /* SwiftyJSON.swift in Sources */ = {isa = PBXBuildFile; fileRef = D310AB691AA2573E003AC370 /* SwiftyJSON.swift */; };
		D310AB6D1AA26556003AC370 /* UIKitExtensions.swift in Sources */ = {isa = PBXBuildFile; fileRef = D310AB6C1AA26556003AC370 /* UIKitExtensions.swift */; };
		D310AB6F1AA2693E003AC370 /* Router.swift in Sources */ = {isa = PBXBuildFile; fileRef = D310AB6E1AA2693E003AC370 /* Router.swift */; };
		D310AB711AA27C92003AC370 /* FoundationExtensions.swift in Sources */ = {isa = PBXBuildFile; fileRef = D310AB701AA27C92003AC370 /* FoundationExtensions.swift */; };
		D356E5B11AD294B5001353DE /* TabBarController.swift in Sources */ = {isa = PBXBuildFile; fileRef = D356E5B01AD294B5001353DE /* TabBarController.swift */; };
		D36CFAC91AD1F0B20077811D /* BedroomLightsController.swift in Sources */ = {isa = PBXBuildFile; fileRef = D36CFAC81AD1F0B20077811D /* BedroomLightsController.swift */; };
		D38D34FA1A90F3FC00BF47B9 /* EventsTableViewController.swift in Sources */ = {isa = PBXBuildFile; fileRef = D38D34F91A90F3FC00BF47B9 /* EventsTableViewController.swift */; };
		D38D34FC1A90FB0200BF47B9 /* EventCell.swift in Sources */ = {isa = PBXBuildFile; fileRef = D38D34FB1A90FB0200BF47B9 /* EventCell.swift */; };
		D3A429DA1ACCA3C0003B44CD /* Protocols.swift in Sources */ = {isa = PBXBuildFile; fileRef = D3A429D91ACCA3C0003B44CD /* Protocols.swift */; };
		D3BF03A41A8E744400BF0D56 /* AppDelegate.swift in Sources */ = {isa = PBXBuildFile; fileRef = D3BF03A31A8E744400BF0D56 /* AppDelegate.swift */; };
		D3BF03A61A8E744400BF0D56 /* HomeViewController.swift in Sources */ = {isa = PBXBuildFile; fileRef = D3BF03A51A8E744400BF0D56 /* HomeViewController.swift */; };
		D3BF03AB1A8E744400BF0D56 /* Main.storyboard in Resources */ = {isa = PBXBuildFile; fileRef = D3BF03A91A8E744400BF0D56 /* Main.storyboard */; };
		D3BF03AD1A8E744400BF0D56 /* Images.xcassets in Resources */ = {isa = PBXBuildFile; fileRef = D3BF03AC1A8E744400BF0D56 /* Images.xcassets */; };
		D3BF03B01A8E744400BF0D56 /* LaunchScreen.xib in Resources */ = {isa = PBXBuildFile; fileRef = D3BF03AE1A8E744400BF0D56 /* LaunchScreen.xib */; };
		D3BF03BC1A8E744400BF0D56 /* djazzTests.swift in Sources */ = {isa = PBXBuildFile; fileRef = D3BF03BB1A8E744400BF0D56 /* djazzTests.swift */; };
		D3C554411AA407EE00A85CB4 /* Events.swift in Sources */ = {isa = PBXBuildFile; fileRef = D3C554401AA407EE00A85CB4 /* Events.swift */; };
		D3D5CB1D1ACBFB610035E869 /* UILightControl.swift in Sources */ = {isa = PBXBuildFile; fileRef = D3D5CB1C1ACBFB610035E869 /* UILightControl.swift */; };
/* End PBXBuildFile section */

/* Begin PBXContainerItemProxy section */
		D310AB5C1AA24C0D003AC370 /* PBXContainerItemProxy */ = {
			isa = PBXContainerItemProxy;
			containerPortal = D310AB551AA24C0D003AC370 /* Alamofire.xcodeproj */;
			proxyType = 2;
			remoteGlobalIDString = F8111E3319A95C8B0040E7D1;
			remoteInfo = "Alamofire iOS";
		};
		D310AB5E1AA24C0D003AC370 /* PBXContainerItemProxy */ = {
			isa = PBXContainerItemProxy;
			containerPortal = D310AB551AA24C0D003AC370 /* Alamofire.xcodeproj */;
			proxyType = 2;
			remoteGlobalIDString = 4DD67C0B1A5C55C900ED2280;
			remoteInfo = "Alamofire OSX";
		};
		D310AB601AA24C0D003AC370 /* PBXContainerItemProxy */ = {
			isa = PBXContainerItemProxy;
			containerPortal = D310AB551AA24C0D003AC370 /* Alamofire.xcodeproj */;
			proxyType = 2;
			remoteGlobalIDString = F8111E3E19A95C8B0040E7D1;
			remoteInfo = "Alamofire iOS Tests";
		};
		D310AB621AA24C0D003AC370 /* PBXContainerItemProxy */ = {
			isa = PBXContainerItemProxy;
			containerPortal = D310AB551AA24C0D003AC370 /* Alamofire.xcodeproj */;
			proxyType = 2;
			remoteGlobalIDString = F829C6B21A7A94F100A2CD59;
			remoteInfo = "Alamofire OSX Tests";
		};
		D310AB661AA24EEF003AC370 /* PBXContainerItemProxy */ = {
			isa = PBXContainerItemProxy;
			containerPortal = D310AB551AA24C0D003AC370 /* Alamofire.xcodeproj */;
			proxyType = 1;
			remoteGlobalIDString = F8111E3219A95C8B0040E7D1;
			remoteInfo = "Alamofire iOS";
		};
		D3BF03B61A8E744400BF0D56 /* PBXContainerItemProxy */ = {
			isa = PBXContainerItemProxy;
			containerPortal = D3BF03961A8E744400BF0D56 /* Project object */;
			proxyType = 1;
			remoteGlobalIDString = D3BF039D1A8E744400BF0D56;
			remoteInfo = djazz;
		};
/* End PBXContainerItemProxy section */

/* Begin PBXCopyFilesBuildPhase section */
		D310AB681AA24EEF003AC370 /* Embed Frameworks */ = {
			isa = PBXCopyFilesBuildPhase;
			buildActionMask = 2147483647;
			dstPath = "";
			dstSubfolderSpec = 10;
			files = (
				D310AB651AA24EEF003AC370 /* Alamofire.framework in Embed Frameworks */,
			);
			name = "Embed Frameworks";
			runOnlyForDeploymentPostprocessing = 0;
		};
/* End PBXCopyFilesBuildPhase section */

/* Begin PBXFileReference section */
		D305C7521AC9627B00B95990 /* LivingRoomLightsController.swift */ = {isa = PBXFileReference; fileEncoding = 4; lastKnownFileType = sourcecode.swift; path = LivingRoomLightsController.swift; sourceTree = "<group>"; };
		D305C7571AC9651000B95990 /* LightThing.swift */ = {isa = PBXFileReference; fileEncoding = 4; lastKnownFileType = sourcecode.swift; path = LightThing.swift; sourceTree = "<group>"; };
		D30DB3A01AA35A12008F8548 /* EditEventViewController.swift */ = {isa = PBXFileReference; fileEncoding = 4; lastKnownFileType = sourcecode.swift; path = EditEventViewController.swift; sourceTree = "<group>"; };
		D310AB551AA24C0D003AC370 /* Alamofire.xcodeproj */ = {isa = PBXFileReference; lastKnownFileType = "wrapper.pb-project"; name = Alamofire.xcodeproj; path = Alamofire/Alamofire.xcodeproj; sourceTree = "<group>"; };
		D310AB691AA2573E003AC370 /* SwiftyJSON.swift */ = {isa = PBXFileReference; fileEncoding = 4; lastKnownFileType = sourcecode.swift; name = SwiftyJSON.swift; path = SwiftyJSON/Source/SwiftyJSON.swift; sourceTree = SOURCE_ROOT; };
		D310AB6C1AA26556003AC370 /* UIKitExtensions.swift */ = {isa = PBXFileReference; fileEncoding = 4; lastKnownFileType = sourcecode.swift; path = UIKitExtensions.swift; sourceTree = "<group>"; };
		D310AB6E1AA2693E003AC370 /* Router.swift */ = {isa = PBXFileReference; fileEncoding = 4; lastKnownFileType = sourcecode.swift; path = Router.swift; sourceTree = "<group>"; };
		D310AB701AA27C92003AC370 /* FoundationExtensions.swift */ = {isa = PBXFileReference; fileEncoding = 4; lastKnownFileType = sourcecode.swift; path = FoundationExtensions.swift; sourceTree = "<group>"; };
		D356E5B01AD294B5001353DE /* TabBarController.swift */ = {isa = PBXFileReference; fileEncoding = 4; lastKnownFileType = sourcecode.swift; path = TabBarController.swift; sourceTree = "<group>"; };
		D36CFAC81AD1F0B20077811D /* BedroomLightsController.swift */ = {isa = PBXFileReference; fileEncoding = 4; lastKnownFileType = sourcecode.swift; path = BedroomLightsController.swift; sourceTree = "<group>"; };
		D38D34F91A90F3FC00BF47B9 /* EventsTableViewController.swift */ = {isa = PBXFileReference; fileEncoding = 4; lastKnownFileType = sourcecode.swift; path = EventsTableViewController.swift; sourceTree = "<group>"; };
		D38D34FB1A90FB0200BF47B9 /* EventCell.swift */ = {isa = PBXFileReference; fileEncoding = 4; lastKnownFileType = sourcecode.swift; path = EventCell.swift; sourceTree = "<group>"; };
		D3A429D91ACCA3C0003B44CD /* Protocols.swift */ = {isa = PBXFileReference; fileEncoding = 4; lastKnownFileType = sourcecode.swift; path = Protocols.swift; sourceTree = "<group>"; };
		D3BF039E1A8E744400BF0D56 /* djazz.app */ = {isa = PBXFileReference; explicitFileType = wrapper.application; includeInIndex = 0; path = djazz.app; sourceTree = BUILT_PRODUCTS_DIR; };
		D3BF03A21A8E744400BF0D56 /* Info.plist */ = {isa = PBXFileReference; lastKnownFileType = text.plist.xml; path = Info.plist; sourceTree = "<group>"; };
		D3BF03A31A8E744400BF0D56 /* AppDelegate.swift */ = {isa = PBXFileReference; lastKnownFileType = sourcecode.swift; path = AppDelegate.swift; sourceTree = "<group>"; };
		D3BF03A51A8E744400BF0D56 /* HomeViewController.swift */ = {isa = PBXFileReference; lastKnownFileType = sourcecode.swift; path = HomeViewController.swift; sourceTree = "<group>"; };
		D3BF03AA1A8E744400BF0D56 /* Base */ = {isa = PBXFileReference; lastKnownFileType = file.storyboard; name = Base; path = Base.lproj/Main.storyboard; sourceTree = "<group>"; };
		D3BF03AC1A8E744400BF0D56 /* Images.xcassets */ = {isa = PBXFileReference; lastKnownFileType = folder.assetcatalog; path = Images.xcassets; sourceTree = "<group>"; };
		D3BF03AF1A8E744400BF0D56 /* Base */ = {isa = PBXFileReference; lastKnownFileType = file.xib; name = Base; path = Base.lproj/LaunchScreen.xib; sourceTree = "<group>"; };
		D3BF03B51A8E744400BF0D56 /* djazzTests.xctest */ = {isa = PBXFileReference; explicitFileType = wrapper.cfbundle; includeInIndex = 0; path = djazzTests.xctest; sourceTree = BUILT_PRODUCTS_DIR; };
		D3BF03BA1A8E744400BF0D56 /* Info.plist */ = {isa = PBXFileReference; lastKnownFileType = text.plist.xml; path = Info.plist; sourceTree = "<group>"; };
		D3BF03BB1A8E744400BF0D56 /* djazzTests.swift */ = {isa = PBXFileReference; lastKnownFileType = sourcecode.swift; path = djazzTests.swift; sourceTree = "<group>"; };
		D3C554401AA407EE00A85CB4 /* Events.swift */ = {isa = PBXFileReference; fileEncoding = 4; lastKnownFileType = sourcecode.swift; path = Events.swift; sourceTree = "<group>"; };
		D3D5CB1C1ACBFB610035E869 /* UILightControl.swift */ = {isa = PBXFileReference; fileEncoding = 4; lastKnownFileType = sourcecode.swift; path = UILightControl.swift; sourceTree = "<group>"; };
/* End PBXFileReference section */

/* Begin PBXFrameworksBuildPhase section */
		D3BF039B1A8E744400BF0D56 /* Frameworks */ = {
			isa = PBXFrameworksBuildPhase;
			buildActionMask = 2147483647;
			files = (
				D310AB641AA24EEF003AC370 /* Alamofire.framework in Frameworks */,
			);
			runOnlyForDeploymentPostprocessing = 0;
		};
		D3BF03B21A8E744400BF0D56 /* Frameworks */ = {
			isa = PBXFrameworksBuildPhase;
			buildActionMask = 2147483647;
			files = (
			);
			runOnlyForDeploymentPostprocessing = 0;
		};
/* End PBXFrameworksBuildPhase section */

/* Begin PBXGroup section */
		D310AB561AA24C0D003AC370 /* Products */ = {
			isa = PBXGroup;
			children = (
				D310AB5D1AA24C0D003AC370 /* Alamofire.framework */,
				D310AB5F1AA24C0D003AC370 /* Alamofire.framework */,
				D310AB611AA24C0D003AC370 /* Alamofire iOS Tests.xctest */,
				D310AB631AA24C0D003AC370 /* Alamofire OSX Tests.xctest */,
			);
			name = Products;
			sourceTree = "<group>";
		};
		D310AB6B1AA2634A003AC370 /* Helpers */ = {
			isa = PBXGroup;
			children = (
				D310AB6C1AA26556003AC370 /* UIKitExtensions.swift */,
				D310AB701AA27C92003AC370 /* FoundationExtensions.swift */,
			);
			name = Helpers;
			sourceTree = "<group>";
		};
		D34A8E291A923B87004A1A0C /* Model */ = {
			isa = PBXGroup;
			children = (
				D310AB6E1AA2693E003AC370 /* Router.swift */,
				D3A429D91ACCA3C0003B44CD /* Protocols.swift */,
				D3C554401AA407EE00A85CB4 /* Events.swift */,
				D305C7571AC9651000B95990 /* LightThing.swift */,
			);
			name = Model;
			sourceTree = "<group>";
		};
		D34A8E2A1A923B92004A1A0C /* Views */ = {
			isa = PBXGroup;
			children = (
				D38D34FB1A90FB0200BF47B9 /* EventCell.swift */,
				D3BF03A91A8E744400BF0D56 /* Main.storyboard */,
				D3D5CB1C1ACBFB610035E869 /* UILightControl.swift */,
			);
			name = Views;
			sourceTree = "<group>";
		};
		D34A8E2B1A923BA8004A1A0C /* Controllers */ = {
			isa = PBXGroup;
			children = (
				D38D34F91A90F3FC00BF47B9 /* EventsTableViewController.swift */,
				D30DB3A01AA35A12008F8548 /* EditEventViewController.swift */,
				D3BF03A51A8E744400BF0D56 /* HomeViewController.swift */,
				D305C7521AC9627B00B95990 /* LivingRoomLightsController.swift */,
				D36CFAC81AD1F0B20077811D /* BedroomLightsController.swift */,
				D356E5B01AD294B5001353DE /* TabBarController.swift */,
			);
			name = Controllers;
			sourceTree = "<group>";
		};
		D3BF03951A8E744400BF0D56 = {
			isa = PBXGroup;
			children = (
				D310AB691AA2573E003AC370 /* SwiftyJSON.swift */,
				D310AB551AA24C0D003AC370 /* Alamofire.xcodeproj */,
				D3BF03A01A8E744400BF0D56 /* djazz */,
				D3BF03B81A8E744400BF0D56 /* djazzTests */,
				D3BF039F1A8E744400BF0D56 /* Products */,
			);
			sourceTree = "<group>";
		};
		D3BF039F1A8E744400BF0D56 /* Products */ = {
			isa = PBXGroup;
			children = (
				D3BF039E1A8E744400BF0D56 /* djazz.app */,
				D3BF03B51A8E744400BF0D56 /* djazzTests.xctest */,
			);
			name = Products;
			sourceTree = "<group>";
		};
		D3BF03A01A8E744400BF0D56 /* djazz */ = {
			isa = PBXGroup;
			children = (
				D310AB6B1AA2634A003AC370 /* Helpers */,
				D34A8E2B1A923BA8004A1A0C /* Controllers */,
				D34A8E2A1A923B92004A1A0C /* Views */,
				D34A8E291A923B87004A1A0C /* Model */,
				D3BF03A31A8E744400BF0D56 /* AppDelegate.swift */,
				D3BF03AC1A8E744400BF0D56 /* Images.xcassets */,
				D3BF03AE1A8E744400BF0D56 /* LaunchScreen.xib */,
				D3BF03A11A8E744400BF0D56 /* Supporting Files */,
			);
			path = djazz;
			sourceTree = "<group>";
		};
		D3BF03A11A8E744400BF0D56 /* Supporting Files */ = {
			isa = PBXGroup;
			children = (
				D3BF03A21A8E744400BF0D56 /* Info.plist */,
			);
			name = "Supporting Files";
			sourceTree = "<group>";
		};
		D3BF03B81A8E744400BF0D56 /* djazzTests */ = {
			isa = PBXGroup;
			children = (
				D3BF03BB1A8E744400BF0D56 /* djazzTests.swift */,
				D3BF03B91A8E744400BF0D56 /* Supporting Files */,
			);
			path = djazzTests;
			sourceTree = "<group>";
		};
		D3BF03B91A8E744400BF0D56 /* Supporting Files */ = {
			isa = PBXGroup;
			children = (
				D3BF03BA1A8E744400BF0D56 /* Info.plist */,
			);
			name = "Supporting Files";
			sourceTree = "<group>";
		};
/* End PBXGroup section */

/* Begin PBXNativeTarget section */
		D3BF039D1A8E744400BF0D56 /* djazz */ = {
			isa = PBXNativeTarget;
			buildConfigurationList = D3BF03BF1A8E744400BF0D56 /* Build configuration list for PBXNativeTarget "djazz" */;
			buildPhases = (
				D3BF039A1A8E744400BF0D56 /* Sources */,
				D3BF039B1A8E744400BF0D56 /* Frameworks */,
				D3BF039C1A8E744400BF0D56 /* Resources */,
				D310AB681AA24EEF003AC370 /* Embed Frameworks */,
			);
			buildRules = (
			);
			dependencies = (
				D310AB671AA24EEF003AC370 /* PBXTargetDependency */,
			);
			name = djazz;
			productName = djazz;
			productReference = D3BF039E1A8E744400BF0D56 /* djazz.app */;
			productType = "com.apple.product-type.application";
		};
		D3BF03B41A8E744400BF0D56 /* djazzTests */ = {
			isa = PBXNativeTarget;
			buildConfigurationList = D3BF03C21A8E744400BF0D56 /* Build configuration list for PBXNativeTarget "djazzTests" */;
			buildPhases = (
				D3BF03B11A8E744400BF0D56 /* Sources */,
				D3BF03B21A8E744400BF0D56 /* Frameworks */,
				D3BF03B31A8E744400BF0D56 /* Resources */,
			);
			buildRules = (
			);
			dependencies = (
				D3BF03B71A8E744400BF0D56 /* PBXTargetDependency */,
			);
			name = djazzTests;
			productName = djazzTests;
			productReference = D3BF03B51A8E744400BF0D56 /* djazzTests.xctest */;
			productType = "com.apple.product-type.bundle.unit-test";
		};
/* End PBXNativeTarget section */

/* Begin PBXProject section */
		D3BF03961A8E744400BF0D56 /* Project object */ = {
			isa = PBXProject;
			attributes = {
				LastUpgradeCheck = 0610;
				ORGANIZATIONNAME = "Bright Moods Studios";
				TargetAttributes = {
					D3BF039D1A8E744400BF0D56 = {
						CreatedOnToolsVersion = 6.1.1;
					};
					D3BF03B41A8E744400BF0D56 = {
						CreatedOnToolsVersion = 6.1.1;
						TestTargetID = D3BF039D1A8E744400BF0D56;
					};
				};
			};
			buildConfigurationList = D3BF03991A8E744400BF0D56 /* Build configuration list for PBXProject "djazz" */;
			compatibilityVersion = "Xcode 3.2";
			developmentRegion = English;
			hasScannedForEncodings = 0;
			knownRegions = (
				en,
				Base,
			);
			mainGroup = D3BF03951A8E744400BF0D56;
			productRefGroup = D3BF039F1A8E744400BF0D56 /* Products */;
			projectDirPath = "";
			projectReferences = (
				{
					ProductGroup = D310AB561AA24C0D003AC370 /* Products */;
					ProjectRef = D310AB551AA24C0D003AC370 /* Alamofire.xcodeproj */;
				},
			);
			projectRoot = "";
			targets = (
				D3BF039D1A8E744400BF0D56 /* djazz */,
				D3BF03B41A8E744400BF0D56 /* djazzTests */,
			);
		};
/* End PBXProject section */

/* Begin PBXReferenceProxy section */
		D310AB5D1AA24C0D003AC370 /* Alamofire.framework */ = {
			isa = PBXReferenceProxy;
			fileType = wrapper.framework;
			path = Alamofire.framework;
			remoteRef = D310AB5C1AA24C0D003AC370 /* PBXContainerItemProxy */;
			sourceTree = BUILT_PRODUCTS_DIR;
		};
		D310AB5F1AA24C0D003AC370 /* Alamofire.framework */ = {
			isa = PBXReferenceProxy;
			fileType = wrapper.framework;
			path = Alamofire.framework;
			remoteRef = D310AB5E1AA24C0D003AC370 /* PBXContainerItemProxy */;
			sourceTree = BUILT_PRODUCTS_DIR;
		};
		D310AB611AA24C0D003AC370 /* Alamofire iOS Tests.xctest */ = {
			isa = PBXReferenceProxy;
			fileType = wrapper.cfbundle;
			path = "Alamofire iOS Tests.xctest";
			remoteRef = D310AB601AA24C0D003AC370 /* PBXContainerItemProxy */;
			sourceTree = BUILT_PRODUCTS_DIR;
		};
		D310AB631AA24C0D003AC370 /* Alamofire OSX Tests.xctest */ = {
			isa = PBXReferenceProxy;
			fileType = wrapper.cfbundle;
			path = "Alamofire OSX Tests.xctest";
			remoteRef = D310AB621AA24C0D003AC370 /* PBXContainerItemProxy */;
			sourceTree = BUILT_PRODUCTS_DIR;
		};
/* End PBXReferenceProxy section */

/* Begin PBXResourcesBuildPhase section */
		D3BF039C1A8E744400BF0D56 /* Resources */ = {
			isa = PBXResourcesBuildPhase;
			buildActionMask = 2147483647;
			files = (
				D3BF03AB1A8E744400BF0D56 /* Main.storyboard in Resources */,
				D3BF03B01A8E744400BF0D56 /* LaunchScreen.xib in Resources */,
				D3BF03AD1A8E744400BF0D56 /* Images.xcassets in Resources */,
			);
			runOnlyForDeploymentPostprocessing = 0;
		};
		D3BF03B31A8E744400BF0D56 /* Resources */ = {
			isa = PBXResourcesBuildPhase;
			buildActionMask = 2147483647;
			files = (
			);
			runOnlyForDeploymentPostprocessing = 0;
		};
/* End PBXResourcesBuildPhase section */

/* Begin PBXSourcesBuildPhase section */
		D3BF039A1A8E744400BF0D56 /* Sources */ = {
			isa = PBXSourcesBuildPhase;
			buildActionMask = 2147483647;
			files = (
				D3C554411AA407EE00A85CB4 /* Events.swift in Sources */,
				D356E5B11AD294B5001353DE /* TabBarController.swift in Sources */,
				D3BF03A41A8E744400BF0D56 /* AppDelegate.swift in Sources */,
				D310AB6F1AA2693E003AC370 /* Router.swift in Sources */,
				D310AB6D1AA26556003AC370 /* UIKitExtensions.swift in Sources */,
				D3D5CB1D1ACBFB610035E869 /* UILightControl.swift in Sources */,
				D38D34FC1A90FB0200BF47B9 /* EventCell.swift in Sources */,
				D305C7531AC9627B00B95990 /* LivingRoomLightsController.swift in Sources */,
				D305C7581AC9651000B95990 /* LightThing.swift in Sources */,
				D30DB3A11AA35A12008F8548 /* EditEventViewController.swift in Sources */,
				D3A429DA1ACCA3C0003B44CD /* Protocols.swift in Sources */,
				D310AB6A1AA2573E003AC370 /* SwiftyJSON.swift in Sources */,
				D3BF03A61A8E744400BF0D56 /* HomeViewController.swift in Sources */,
				D310AB711AA27C92003AC370 /* FoundationExtensions.swift in Sources */,
				D38D34FA1A90F3FC00BF47B9 /* EventsTableViewController.swift in Sources */,
				D36CFAC91AD1F0B20077811D /* BedroomLightsController.swift in Sources */,
			);
			runOnlyForDeploymentPostprocessing = 0;
		};
		D3BF03B11A8E744400BF0D56 /* Sources */ = {
			isa = PBXSourcesBuildPhase;
			buildActionMask = 2147483647;
			files = (
				D3BF03BC1A8E744400BF0D56 /* djazzTests.swift in Sources */,
			);
			runOnlyForDeploymentPostprocessing = 0;
		};
/* End PBXSourcesBuildPhase section */

/* Begin PBXTargetDependency section */
		D310AB671AA24EEF003AC370 /* PBXTargetDependency */ = {
			isa = PBXTargetDependency;
			name = "Alamofire iOS";
			targetProxy = D310AB661AA24EEF003AC370 /* PBXContainerItemProxy */;
		};
		D3BF03B71A8E744400BF0D56 /* PBXTargetDependency */ = {
			isa = PBXTargetDependency;
			target = D3BF039D1A8E744400BF0D56 /* djazz */;
			targetProxy = D3BF03B61A8E744400BF0D56 /* PBXContainerItemProxy */;
		};
/* End PBXTargetDependency section */

/* Begin PBXVariantGroup section */
		D3BF03A91A8E744400BF0D56 /* Main.storyboard */ = {
			isa = PBXVariantGroup;
			children = (
				D3BF03AA1A8E744400BF0D56 /* Base */,
			);
			name = Main.storyboard;
			sourceTree = "<group>";
		};
		D3BF03AE1A8E744400BF0D56 /* LaunchScreen.xib */ = {
			isa = PBXVariantGroup;
			children = (
				D3BF03AF1A8E744400BF0D56 /* Base */,
			);
			name = LaunchScreen.xib;
			sourceTree = "<group>";
		};
/* End PBXVariantGroup section */

/* Begin XCBuildConfiguration section */
		D3BF03BD1A8E744400BF0D56 /* Debug */ = {
			isa = XCBuildConfiguration;
			buildSettings = {
				ALWAYS_SEARCH_USER_PATHS = NO;
				CLANG_CXX_LANGUAGE_STANDARD = "gnu++0x";
				CLANG_CXX_LIBRARY = "libc++";
				CLANG_ENABLE_MODULES = YES;
				CLANG_ENABLE_OBJC_ARC = YES;
				CLANG_WARN_BOOL_CONVERSION = YES;
				CLANG_WARN_CONSTANT_CONVERSION = YES;
				CLANG_WARN_DIRECT_OBJC_ISA_USAGE = YES_ERROR;
				CLANG_WARN_EMPTY_BODY = YES;
				CLANG_WARN_ENUM_CONVERSION = YES;
				CLANG_WARN_INT_CONVERSION = YES;
				CLANG_WARN_OBJC_ROOT_CLASS = YES_ERROR;
				CLANG_WARN_UNREACHABLE_CODE = YES;
				CLANG_WARN__DUPLICATE_METHOD_MATCH = YES;
				"CODE_SIGN_IDENTITY[sdk=iphoneos*]" = "iPhone Developer";
				COPY_PHASE_STRIP = NO;
				ENABLE_STRICT_OBJC_MSGSEND = YES;
				GCC_C_LANGUAGE_STANDARD = gnu99;
				GCC_DYNAMIC_NO_PIC = NO;
				GCC_OPTIMIZATION_LEVEL = 0;
				GCC_PREPROCESSOR_DEFINITIONS = (
					"DEBUG=1",
					"$(inherited)",
				);
				GCC_SYMBOLS_PRIVATE_EXTERN = NO;
				GCC_WARN_64_TO_32_BIT_CONVERSION = YES;
				GCC_WARN_ABOUT_RETURN_TYPE = YES_ERROR;
				GCC_WARN_UNDECLARED_SELECTOR = YES;
				GCC_WARN_UNINITIALIZED_AUTOS = YES_AGGRESSIVE;
				GCC_WARN_UNUSED_FUNCTION = YES;
				GCC_WARN_UNUSED_VARIABLE = YES;
				IPHONEOS_DEPLOYMENT_TARGET = 8.1;
				MTL_ENABLE_DEBUG_INFO = YES;
				ONLY_ACTIVE_ARCH = YES;
				SDKROOT = iphoneos;
				SWIFT_OPTIMIZATION_LEVEL = "-Onone";
			};
			name = Debug;
		};
		D3BF03BE1A8E744400BF0D56 /* Release */ = {
			isa = XCBuildConfiguration;
			buildSettings = {
				ALWAYS_SEARCH_USER_PATHS = NO;
				CLANG_CXX_LANGUAGE_STANDARD = "gnu++0x";
				CLANG_CXX_LIBRARY = "libc++";
				CLANG_ENABLE_MODULES = YES;
				CLANG_ENABLE_OBJC_ARC = YES;
				CLANG_WARN_BOOL_CONVERSION = YES;
				CLANG_WARN_CONSTANT_CONVERSION = YES;
				CLANG_WARN_DIRECT_OBJC_ISA_USAGE = YES_ERROR;
				CLANG_WARN_EMPTY_BODY = YES;
				CLANG_WARN_ENUM_CONVERSION = YES;
				CLANG_WARN_INT_CONVERSION = YES;
				CLANG_WARN_OBJC_ROOT_CLASS = YES_ERROR;
				CLANG_WARN_UNREACHABLE_CODE = YES;
				CLANG_WARN__DUPLICATE_METHOD_MATCH = YES;
				"CODE_SIGN_IDENTITY[sdk=iphoneos*]" = "iPhone Developer";
				COPY_PHASE_STRIP = YES;
				ENABLE_NS_ASSERTIONS = NO;
				ENABLE_STRICT_OBJC_MSGSEND = YES;
				GCC_C_LANGUAGE_STANDARD = gnu99;
				GCC_WARN_64_TO_32_BIT_CONVERSION = YES;
				GCC_WARN_ABOUT_RETURN_TYPE = YES_ERROR;
				GCC_WARN_UNDECLARED_SELECTOR = YES;
				GCC_WARN_UNINITIALIZED_AUTOS = YES_AGGRESSIVE;
				GCC_WARN_UNUSED_FUNCTION = YES;
				GCC_WARN_UNUSED_VARIABLE = YES;
				IPHONEOS_DEPLOYMENT_TARGET = 8.1;
				MTL_ENABLE_DEBUG_INFO = NO;
				SDKROOT = iphoneos;
				VALIDATE_PRODUCT = YES;
			};
			name = Release;
		};
		D3BF03C01A8E744400BF0D56 /* Debug */ = {
			isa = XCBuildConfiguration;
			buildSettings = {
				ASSETCATALOG_COMPILER_APPICON_NAME = AppIcon;
				EMBEDDED_CONTENT_CONTAINS_SWIFT = YES;
				INFOPLIST_FILE = djazz/Info.plist;
				LD_RUNPATH_SEARCH_PATHS = "$(inherited) @executable_path/Frameworks";
				PRODUCT_NAME = "$(TARGET_NAME)";
			};
			name = Debug;
		};
		D3BF03C11A8E744400BF0D56 /* Release */ = {
			isa = XCBuildConfiguration;
			buildSettings = {
				ASSETCATALOG_COMPILER_APPICON_NAME = AppIcon;
				EMBEDDED_CONTENT_CONTAINS_SWIFT = YES;
				INFOPLIST_FILE = djazz/Info.plist;
				LD_RUNPATH_SEARCH_PATHS = "$(inherited) @executable_path/Frameworks";
				PRODUCT_NAME = "$(TARGET_NAME)";
			};
			name = Release;
		};
		D3BF03C31A8E744400BF0D56 /* Debug */ = {
			isa = XCBuildConfiguration;
			buildSettings = {
				BUNDLE_LOADER = "$(TEST_HOST)";
				FRAMEWORK_SEARCH_PATHS = (
					"$(SDKROOT)/Developer/Library/Frameworks",
					"$(inherited)",
				);
				GCC_PREPROCESSOR_DEFINITIONS = (
					"DEBUG=1",
					"$(inherited)",
				);
				INFOPLIST_FILE = djazzTests/Info.plist;
				LD_RUNPATH_SEARCH_PATHS = "$(inherited) @executable_path/Frameworks @loader_path/Frameworks";
				PRODUCT_NAME = "$(TARGET_NAME)";
				TEST_HOST = "$(BUILT_PRODUCTS_DIR)/djazz.app/djazz";
			};
			name = Debug;
		};
		D3BF03C41A8E744400BF0D56 /* Release */ = {
			isa = XCBuildConfiguration;
			buildSettings = {
				BUNDLE_LOADER = "$(TEST_HOST)";
				FRAMEWORK_SEARCH_PATHS = (
					"$(SDKROOT)/Developer/Library/Frameworks",
					"$(inherited)",
				);
				INFOPLIST_FILE = djazzTests/Info.plist;
				LD_RUNPATH_SEARCH_PATHS = "$(inherited) @executable_path/Frameworks @loader_path/Frameworks";
				PRODUCT_NAME = "$(TARGET_NAME)";
				TEST_HOST = "$(BUILT_PRODUCTS_DIR)/djazz.app/djazz";
			};
			name = Release;
		};
/* End XCBuildConfiguration section */

/* Begin XCConfigurationList section */
		D3BF03991A8E744400BF0D56 /* Build configuration list for PBXProject "djazz" */ = {
			isa = XCConfigurationList;
			buildConfigurations = (
				D3BF03BD1A8E744400BF0D56 /* Debug */,
				D3BF03BE1A8E744400BF0D56 /* Release */,
			);
			defaultConfigurationIsVisible = 0;
			defaultConfigurationName = Release;
		};
		D3BF03BF1A8E744400BF0D56 /* Build configuration list for PBXNativeTarget "djazz" */ = {
			isa = XCConfigurationList;
			buildConfigurations = (
				D3BF03C01A8E744400BF0D56 /* Debug */,
				D3BF03C11A8E744400BF0D56 /* Release */,
			);
			defaultConfigurationIsVisible = 0;
			defaultConfigurationName = Release;
		};
		D3BF03C21A8E744400BF0D56 /* Build configuration list for PBXNativeTarget "djazzTests" */ = {
			isa = XCConfigurationList;
			buildConfigurations = (
				D3BF03C31A8E744400BF0D56 /* Debug */,
				D3BF03C41A8E744400BF0D56 /* Release */,
			);
			defaultConfigurationIsVisible = 0;
			defaultConfigurationName = Release;
		};
/* End XCConfigurationList section */
	};
	rootObject = D3BF03961A8E744400BF0D56 /* Project object */;
}
